
Microsoft Visual Studio Solution File, Format Version 12.00
# Visual Studio Version 16
VisualStudioVersion = 16.0.30406.217
MinimumVisualStudioVersion = 10.0.40219.1
Project("{8BC9CEB8-8B4A-11D0-8D11-00A0C91BC942}") = "kernel-csgo", "kernel-csgo\kernel-csgo.vcxproj", "{8A69696E-2C6D-42BD-85B3-82B0F4FD241E}"
EndProject
Project("{8BC9CEB8-8B4A-11D0-8D11-00A0C91BC942}") = "kernel-csgo-usermode", "kernel-csgo-usermode\kernel-csgo-usermode.vcxproj", "{D5447991-B611-4256-A954-CD661767313A}"
EndProject
Global
	GlobalSection(SolutionConfigurationPlatforms) = preSolution
		Debug|ARM = Debug|ARM
		Debug|ARM64 = Debug|ARM64
		Debug|x64 = Debug|x64
		Debug|x86 = Debug|x86
		Release|ARM = Release|ARM
		Release|ARM64 = Release|ARM64
		Release|x64 = Release|x64
		Release|x86 = Release|x86
	EndGlobalSection
	GlobalSection(ProjectConfigurationPlatforms) = postSolution
		{8A69696E-2C6D-42BD-85B3-82B0F4FD241E}.Debug|ARM.ActiveCfg = Debug|ARM
		{8A69696E-2C6D-42BD-85B3-82B0F4FD241E}.Debug|ARM.Build.0 = Debug|ARM
		{8A69696E-2C6D-42BD-85B3-82B0F4FD241E}.Debug|ARM.Deploy.0 = Debug|ARM
		{8A69696E-2C6D-42BD-85B3-82B0F4FD241E}.Debug|ARM64.ActiveCfg = Debug|ARM64
		{8A69696E-2C6D-42BD-85B3-82B0F4FD241E}.Debug|ARM64.Build.0 = Debug|ARM64
		{8A69696E-2C6D-42BD-85B3-82B0F4FD241E}.Debug|ARM64.Deploy.0 = Debug|ARM64
		{8A69696E-2C6D-42BD-85B3-82B0F4FD241E}.Debug|x64.ActiveCfg = Debug|x64
		{8A69696E-2C6D-42BD-85B3-82B0F4FD241E}.Debug|x64.Build.0 = Debug|x64
		{8A69696E-2C6D-42BD-85B3-82B0F4FD241E}.Debug|x64.Deploy.0 = Debug|x64
		{8A69696E-2C6D-42BD-85B3-82B0F4FD241E}.Debug|x86.ActiveCfg = Debug|Win32
		{8A69696E-2C6D-42BD-85B3-82B0F4FD241E}.Debug|x86.Build.0 = Debug|Win32
		{8A69696E-2C6D-42BD-85B3-82B0F4FD241E}.Debug|x86.Deploy.0 = Debug|Win32
		{8A69696E-2C6D-42BD-85B3-82B0F4FD241E}.Release|ARM.ActiveCfg = Release|ARM
		{8A69696E-2C6D-42BD-85B3-82B0F4FD241E}.Release|ARM.Build.0 = Release|ARM
		{8A69696E-2C6D-42BD-85B3-82B0F4FD241E}.Release|ARM.Deploy.0 = Release|ARM
		{8A69696E-2C6D-42BD-85B3-82B0F4FD241E}.Release|ARM64.ActiveCfg = Release|ARM64
		{8A69696E-2C6D-42BD-85B3-82B0F4FD241E}.Release|ARM64.Build.0 = Release|ARM64
		{8A69696E-2C6D-42BD-85B3-82B0F4FD241E}.Release|ARM64.Deploy.0 = Release|ARM64
		{8A69696E-2C6D-42BD-85B3-82B0F4FD241E}.Release|x64.ActiveCfg = Release|x64
		{8A69696E-2C6D-42BD-85B3-82B0F4FD241E}.Release|x64.Build.0 = Release|x64
		{8A69696E-2C6D-42BD-85B3-82B0F4FD241E}.Release|x64.Deploy.0 = Release|x64
		{8A69696E-2C6D-42BD-85B3-82B0F4FD241E}.Release|x86.ActiveCfg = Release|Win32
		{8A69696E-2C6D-42BD-85B3-82B0F4FD241E}.Release|x86.Build.0 = Release|Win32
		{8A69696E-2C6D-42BD-85B3-82B0F4FD241E}.Release|x86.Deploy.0 = Release|Win32
		{D5447991-B611-4256-A954-CD661767313A}.Debug|ARM.ActiveCfg = Debug|Win32
		{D5447991-B611-4256-A954-CD661767313A}.Debug|ARM64.ActiveCfg = Debug|Win32
		{D5447991-B611-4256-A954-CD661767313A}.Debug|x64.ActiveCfg = Debug|x64
		{D5447991-B611-4256-A954-CD661767313A}.Debug|x64.Build.0 = Debug|x64
		{D5447991-B611-4256-A954-CD661767313A}.Debug|x86.ActiveCfg = Debug|Win32
		{D5447991-B611-4256-A954-CD661767313A}.Debug|x86.Build.0 = Debug|Win32
		{D5447991-B611-4256-A954-CD661767313A}.Release|ARM.ActiveCfg = Release|Win32
		{D5447991-B611-4256-A954-CD661767313A}.Release|ARM64.ActiveCfg = Release|Win32
		{D5447991-B611-4256-A954-CD661767313A}.Release|x64.ActiveCfg = Release|x64
		{D5447991-B611-4256-A954-CD661767313A}.Release|x64.Build.0 = Release|x64
		{D5447991-B611-4256-A954-CD661767313A}.Release|x86.ActiveCfg = Release|Win32
		{D5447991-B611-4256-A954-CD661767313A}.Release|x86.Build.0 = Release|Win32
	EndGlobalSection
	GlobalSection(SolutionProperties) = preSolution
		HideSolutionNode = FALSE
	EndGlobalSection
	GlobalSection(ExtensibilityGlobals) = postSolution
		SolutionGuid = {312E91B3-C75C-45BF-8D20-35134112A5AC}
	EndGlobalSection
EndGlobal
